// !$*UTF8*$!
{
	archiveVersion = 1;
	classes = {
	};
	objectVersion = 50;
	objects = {

/* Begin PBXBuildFile section */
		1A3EAA67238591F800B205A4 /* UserDefaults+Extend.swift in Sources */ = {isa = PBXBuildFile; fileRef = 1A3EAA66238591F800B205A4 /* UserDefaults+Extend.swift */; };
		909B10BC2375528000EA7B67 /* DraggingView.swift in Sources */ = {isa = PBXBuildFile; fileRef = 909B10BB2375528000EA7B67 /* DraggingView.swift */; };
		909B10BE2375534E00EA7B67 /* DraggingTacker.swift in Sources */ = {isa = PBXBuildFile; fileRef = 909B10BD2375534E00EA7B67 /* DraggingTacker.swift */; };
		909D03D6236D247600EB41A4 /* AppDelegate.swift in Sources */ = {isa = PBXBuildFile; fileRef = 909D03D5236D247600EB41A4 /* AppDelegate.swift */; };
		909D03D8236D24AF00EB41A4 /* Assets.xcassets in Resources */ = {isa = PBXBuildFile; fileRef = 909D03D7236D24AF00EB41A4 /* Assets.xcassets */; };
		909D03DB236D24AF00EB41A4 /* MainMenu.xib in Resources */ = {isa = PBXBuildFile; fileRef = 909D03D9236D24AF00EB41A4 /* MainMenu.xib */; };
		909D03E6236D27C000EB41A4 /* TimelinePoint.swift in Sources */ = {isa = PBXBuildFile; fileRef = 909D03E5236D27C000EB41A4 /* TimelinePoint.swift */; };
		909D03E8236D293E00EB41A4 /* TimelineView.swift in Sources */ = {isa = PBXBuildFile; fileRef = 909D03E7236D293E00EB41A4 /* TimelineView.swift */; };
		909D03EB236D81E800EB41A4 /* FlippedView.swift in Sources */ = {isa = PBXBuildFile; fileRef = 909D03EA236D81E800EB41A4 /* FlippedView.swift */; };
/* End PBXBuildFile section */

/* Begin PBXFileReference section */
		1A3EAA66238591F800B205A4 /* UserDefaults+Extend.swift */ = {isa = PBXFileReference; lastKnownFileType = sourcecode.swift; path = "UserDefaults+Extend.swift"; sourceTree = "<group>"; };
		909B10BB2375528000EA7B67 /* DraggingView.swift */ = {isa = PBXFileReference; lastKnownFileType = sourcecode.swift; path = DraggingView.swift; sourceTree = "<group>"; };
		909B10BD2375534E00EA7B67 /* DraggingTacker.swift */ = {isa = PBXFileReference; lastKnownFileType = sourcecode.swift; path = DraggingTacker.swift; sourceTree = "<group>"; };
		909D03D2236D247600EB41A4 /* DraggableTimeline.app */ = {isa = PBXFileReference; explicitFileType = wrapper.application; includeInIndex = 0; path = DraggableTimeline.app; sourceTree = BUILT_PRODUCTS_DIR; };
		909D03D5236D247600EB41A4 /* AppDelegate.swift */ = {isa = PBXFileReference; lastKnownFileType = sourcecode.swift; path = AppDelegate.swift; sourceTree = "<group>"; };
		909D03D7236D24AF00EB41A4 /* Assets.xcassets */ = {isa = PBXFileReference; lastKnownFileType = folder.assetcatalog; path = Assets.xcassets; sourceTree = "<group>"; };
		909D03DA236D24AF00EB41A4 /* Base */ = {isa = PBXFileReference; lastKnownFileType = file.xib; name = Base; path = Base.lproj/MainMenu.xib; sourceTree = "<group>"; };
		909D03DC236D24AF00EB41A4 /* Info.plist */ = {isa = PBXFileReference; lastKnownFileType = text.plist.xml; path = Info.plist; sourceTree = "<group>"; };
		909D03DD236D24AF00EB41A4 /* DraggableTimeline.entitlements */ = {isa = PBXFileReference; lastKnownFileType = text.plist.entitlements; path = DraggableTimeline.entitlements; sourceTree = "<group>"; };
		909D03E5236D27C000EB41A4 /* TimelinePoint.swift */ = {isa = PBXFileReference; lastKnownFileType = sourcecode.swift; path = TimelinePoint.swift; sourceTree = "<group>"; };
		909D03E7236D293E00EB41A4 /* TimelineView.swift */ = {isa = PBXFileReference; lastKnownFileType = sourcecode.swift; path = TimelineView.swift; sourceTree = "<group>"; };
		909D03EA236D81E800EB41A4 /* FlippedView.swift */ = {isa = PBXFileReference; lastKnownFileType = sourcecode.swift; path = FlippedView.swift; sourceTree = "<group>"; };
/* End PBXFileReference section */

/* Begin PBXFrameworksBuildPhase section */
		909D03CF236D247600EB41A4 /* Frameworks */ = {
			isa = PBXFrameworksBuildPhase;
			buildActionMask = 2147483647;
			files = (
			);
			runOnlyForDeploymentPostprocessing = 0;
		};
/* End PBXFrameworksBuildPhase section */

/* Begin PBXGroup section */
		1A3EAA65238591AE00B205A4 /* Utilities */ = {
			isa = PBXGroup;
			children = (
				1A3EAA66238591F800B205A4 /* UserDefaults+Extend.swift */,
			);
			path = Utilities;
			sourceTree = "<group>";
		};
		909B10BA237551BC00EA7B67 /* Dragging */ = {
			isa = PBXGroup;
			children = (
				909B10BB2375528000EA7B67 /* DraggingView.swift */,
				909B10BD2375534E00EA7B67 /* DraggingTacker.swift */,
			);
			path = Dragging;
			sourceTree = "<group>";
		};
		909D03C9236D247600EB41A4 = {
			isa = PBXGroup;
			children = (
				909D03D4236D247600EB41A4 /* DraggableTimeline */,
				909D03D3236D247600EB41A4 /* Products */,
			);
			sourceTree = "<group>";
		};
		909D03D3236D247600EB41A4 /* Products */ = {
			isa = PBXGroup;
			children = (
				909D03D2236D247600EB41A4 /* DraggableTimeline.app */,
			);
			name = Products;
			sourceTree = "<group>";
		};
		909D03D4236D247600EB41A4 /* DraggableTimeline */ = {
			isa = PBXGroup;
			children = (
				909D03E3236D25F700EB41A4 /* SourceCodes */,
				909D03D5236D247600EB41A4 /* AppDelegate.swift */,
				909D03D7236D24AF00EB41A4 /* Assets.xcassets */,
				909D03D9236D24AF00EB41A4 /* MainMenu.xib */,
				909D03DC236D24AF00EB41A4 /* Info.plist */,
				909D03DD236D24AF00EB41A4 /* DraggableTimeline.entitlements */,
			);
			path = DraggableTimeline;
			sourceTree = "<group>";
		};
		909D03E3236D25F700EB41A4 /* SourceCodes */ = {
			isa = PBXGroup;
			children = (
				1A3EAA65238591AE00B205A4 /* Utilities */,
				909B10BA237551BC00EA7B67 /* Dragging */,
				909D03E4236D260100EB41A4 /* Timeline */,
			);
			path = SourceCodes;
			sourceTree = "<group>";
		};
		909D03E4236D260100EB41A4 /* Timeline */ = {
			isa = PBXGroup;
			children = (
				909D03EA236D81E800EB41A4 /* FlippedView.swift */,
				909D03E5236D27C000EB41A4 /* TimelinePoint.swift */,
				909D03E7236D293E00EB41A4 /* TimelineView.swift */,
			);
			path = Timeline;
			sourceTree = "<group>";
		};
/* End PBXGroup section */

/* Begin PBXNativeTarget section */
		909D03D1236D247600EB41A4 /* DraggableTimeline */ = {
			isa = PBXNativeTarget;
			buildConfigurationList = 909D03E0236D24AF00EB41A4 /* Build configuration list for PBXNativeTarget "DraggableTimeline" */;
			buildPhases = (
				909D03CE236D247600EB41A4 /* Sources */,
				909D03CF236D247600EB41A4 /* Frameworks */,
				909D03D0236D247600EB41A4 /* Resources */,
			);
			buildRules = (
			);
			dependencies = (
			);
			name = DraggableTimeline;
			productName = DraggableTimeline;
			productReference = 909D03D2236D247600EB41A4 /* DraggableTimeline.app */;
			productType = "com.apple.product-type.application";
		};
/* End PBXNativeTarget section */

/* Begin PBXProject section */
		909D03CA236D247600EB41A4 /* Project object */ = {
			isa = PBXProject;
			attributes = {
				LastSwiftUpdateCheck = 1110;
				LastUpgradeCheck = 1110;
				ORGANIZATIONNAME = industriousguy;
				TargetAttributes = {
					909D03D1236D247600EB41A4 = {
						CreatedOnToolsVersion = 11.1;
					};
				};
			};
			buildConfigurationList = 909D03CD236D247600EB41A4 /* Build configuration list for PBXProject "DraggableTimeline" */;
			compatibilityVersion = "Xcode 9.3";
			developmentRegion = en;
			hasScannedForEncodings = 0;
			knownRegions = (
				en,
				Base,
			);
			mainGroup = 909D03C9236D247600EB41A4;
			productRefGroup = 909D03D3236D247600EB41A4 /* Products */;
			projectDirPath = "";
			projectRoot = "";
			targets = (
				909D03D1236D247600EB41A4 /* DraggableTimeline */,
			);
		};
/* End PBXProject section */

/* Begin PBXResourcesBuildPhase section */
		909D03D0236D247600EB41A4 /* Resources */ = {
			isa = PBXResourcesBuildPhase;
			buildActionMask = 2147483647;
			files = (
				909D03D8236D24AF00EB41A4 /* Assets.xcassets in Resources */,
				909D03DB236D24AF00EB41A4 /* MainMenu.xib in Resources */,
			);
			runOnlyForDeploymentPostprocessing = 0;
		};
/* End PBXResourcesBuildPhase section */

/* Begin PBXSourcesBuildPhase section */
		909D03CE236D247600EB41A4 /* Sources */ = {
			isa = PBXSourcesBuildPhase;
			buildActionMask = 2147483647;
			files = (
				909D03D6236D247600EB41A4 /* AppDelegate.swift in Sources */,
				909D03E8236D293E00EB41A4 /* TimelineView.swift in Sources */,
				1A3EAA67238591F800B205A4 /* UserDefaults+Extend.swift in Sources */,
				909D03E6236D27C000EB41A4 /* TimelinePoint.swift in Sources */,
				909B10BE2375534E00EA7B67 /* DraggingTacker.swift in Sources */,
				909B10BC2375528000EA7B67 /* DraggingView.swift in Sources */,
				909D03EB236D81E800EB41A4 /* FlippedView.swift in Sources */,
			);
			runOnlyForDeploymentPostprocessing = 0;
		};
/* End PBXSourcesBuildPhase section */

/* Begin PBXVariantGroup section */
		909D03D9236D24AF00EB41A4 /* MainMenu.xib */ = {
			isa = PBXVariantGroup;
			children = (
				909D03DA236D24AF00EB41A4 /* Base */,
			);
			name = MainMenu.xib;
			sourceTree = "<group>";
		};
/* End PBXVariantGroup section */

/* Begin XCBuildConfiguration section */
		909D03DE236D24AF00EB41A4 /* Debug */ = {
			isa = XCBuildConfiguration;
			buildSettings = {
				ALWAYS_SEARCH_USER_PATHS = NO;
				CLANG_ANALYZER_NONNULL = YES;
				CLANG_ANALYZER_NUMBER_OBJECT_CONVERSION = YES_AGGRESSIVE;
				CLANG_CXX_LANGUAGE_STANDARD = "gnu++14";
				CLANG_CXX_LIBRARY = "libc++";
				CLANG_ENABLE_MODULES = YES;
				CLANG_ENABLE_OBJC_ARC = YES;
				CLANG_ENABLE_OBJC_WEAK = YES;
				CLANG_WARN_BLOCK_CAPTURE_AUTORELEASING = YES;
				CLANG_WARN_BOOL_CONVERSION = YES;
				CLANG_WARN_COMMA = YES;
				CLANG_WARN_CONSTANT_CONVERSION = YES;
				CLANG_WARN_DEPRECATED_OBJC_IMPLEMENTATIONS = YES;
				CLANG_WARN_DIRECT_OBJC_ISA_USAGE = YES_ERROR;
				CLANG_WARN_DOCUMENTATION_COMMENTS = YES;
				CLANG_WARN_EMPTY_BODY = YES;
				CLANG_WARN_ENUM_CONVERSION = YES;
				CLANG_WARN_INFINITE_RECURSION = YES;
				CLANG_WARN_INT_CONVERSION = YES;
				CLANG_WARN_NON_LITERAL_NULL_CONVERSION = YES;
				CLANG_WARN_OBJC_IMPLICIT_RETAIN_SELF = YES;
				CLANG_WARN_OBJC_LITERAL_CONVERSION = YES;
				CLANG_WARN_OBJC_ROOT_CLASS = YES_ERROR;
				CLANG_WARN_RANGE_LOOP_ANALYSIS = YES;
				CLANG_WARN_STRICT_PROTOTYPES = YES;
				CLANG_WARN_SUSPICIOUS_MOVE = YES;
				CLANG_WARN_UNGUARDED_AVAILABILITY = YES_AGGRESSIVE;
				CLANG_WARN_UNREACHABLE_CODE = YES;
				CLANG_WARN__DUPLICATE_METHOD_MATCH = YES;
				COPY_PHASE_STRIP = NO;
				DEBUG_INFORMATION_FORMAT = dwarf;
				ENABLE_STRICT_OBJC_MSGSEND = YES;
				ENABLE_TESTABILITY = YES;
				GCC_C_LANGUAGE_STANDARD = gnu11;
				GCC_DYNAMIC_NO_PIC = NO;
				GCC_NO_COMMON_BLOCKS = YES;
				GCC_OPTIMIZATION_LEVEL = 0;
				GCC_PREPROCESSOR_DEFINITIONS = (
					"DEBUG=1",
					"$(inherited)",
				);
				GCC_WARN_64_TO_32_BIT_CONVERSION = YES;
				GCC_WARN_ABOUT_RETURN_TYPE = YES_ERROR;
				GCC_WARN_UNDECLARED_SELECTOR = YES;
				GCC_WARN_UNINITIALIZED_AUTOS = YES_AGGRESSIVE;
				GCC_WARN_UNUSED_FUNCTION = YES;
				GCC_WARN_UNUSED_VARIABLE = YES;
				MACOSX_DEPLOYMENT_TARGET = 10.15;
				MTL_ENABLE_DEBUG_INFO = INCLUDE_SOURCE;
				MTL_FAST_MATH = YES;
				ONLY_ACTIVE_ARCH = YES;
				SDKROOT = macosx;
				SWIFT_ACTIVE_COMPILATION_CONDITIONS = DEBUG;
				SWIFT_OPTIMIZATION_LEVEL = "-Onone";
			};
			name = Debug;
		};
		909D03DF236D24AF00EB41A4 /* Release */ = {
			isa = XCBuildConfiguration;
			buildSettings = {
				ALWAYS_SEARCH_USER_PATHS = NO;
				CLANG_ANALYZER_NONNULL = YES;
				CLANG_ANALYZER_NUMBER_OBJECT_CONVERSION = YES_AGGRESSIVE;
				CLANG_CXX_LANGUAGE_STANDARD = "gnu++14";
				CLANG_CXX_LIBRARY = "libc++";
				CLANG_ENABLE_MODULES = YES;
				CLANG_ENABLE_OBJC_ARC = YES;
				CLANG_ENABLE_OBJC_WEAK = YES;
				CLANG_WARN_BLOCK_CAPTURE_AUTORELEASING = YES;
				CLANG_WARN_BOOL_CONVERSION = YES;
				CLANG_WARN_COMMA = YES;
				CLANG_WARN_CONSTANT_CONVERSION = YES;
				CLANG_WARN_DEPRECATED_OBJC_IMPLEMENTATIONS = YES;
				CLANG_WARN_DIRECT_OBJC_ISA_USAGE = YES_ERROR;
				CLANG_WARN_DOCUMENTATION_COMMENTS = YES;
				CLANG_WARN_EMPTY_BODY = YES;
				CLANG_WARN_ENUM_CONVERSION = YES;
				CLANG_WARN_INFINITE_RECURSION = YES;
				CLANG_WARN_INT_CONVERSION = YES;
				CLANG_WARN_NON_LITERAL_NULL_CONVERSION = YES;
				CLANG_WARN_OBJC_IMPLICIT_RETAIN_SELF = YES;
				CLANG_WARN_OBJC_LITERAL_CONVERSION = YES;
				CLANG_WARN_OBJC_ROOT_CLASS = YES_ERROR;
				CLANG_WARN_RANGE_LOOP_ANALYSIS = YES;
				CLANG_WARN_STRICT_PROTOTYPES = YES;
				CLANG_WARN_SUSPICIOUS_MOVE = YES;
				CLANG_WARN_UNGUARDED_AVAILABILITY = YES_AGGRESSIVE;
				CLANG_WARN_UNREACHABLE_CODE = YES;
				CLANG_WARN__DUPLICATE_METHOD_MATCH = YES;
				COPY_PHASE_STRIP = NO;
				DEBUG_INFORMATION_FORMAT = "dwarf-with-dsym";
				ENABLE_NS_ASSERTIONS = NO;
				ENABLE_STRICT_OBJC_MSGSEND = YES;
				GCC_C_LANGUAGE_STANDARD = gnu11;
				GCC_NO_COMMON_BLOCKS = YES;
				GCC_WARN_64_TO_32_BIT_CONVERSION = YES;
				GCC_WARN_ABOUT_RETURN_TYPE = YES_ERROR;
				GCC_WARN_UNDECLARED_SELECTOR = YES;
				GCC_WARN_UNINITIALIZED_AUTOS = YES_AGGRESSIVE;
				GCC_WARN_UNUSED_FUNCTION = YES;
				GCC_WARN_UNUSED_VARIABLE = YES;
				MACOSX_DEPLOYMENT_TARGET = 10.15;
				MTL_ENABLE_DEBUG_INFO = NO;
				MTL_FAST_MATH = YES;
				SDKROOT = macosx;
				SWIFT_COMPILATION_MODE = wholemodule;
				SWIFT_OPTIMIZATION_LEVEL = "-O";
			};
			name = Release;
		};
		909D03E1236D24AF00EB41A4 /* Debug */ = {
			isa = XCBuildConfiguration;
			buildSettings = {
				ASSETCATALOG_COMPILER_APPICON_NAME = AppIcon;
				CODE_SIGN_ENTITLEMENTS = DraggableTimeline/DraggableTimeline.entitlements;
				CODE_SIGN_STYLE = Automatic;
				COMBINE_HIDPI_IMAGES = YES;
				INFOPLIST_FILE = DraggableTimeline/Info.plist;
				LD_RUNPATH_SEARCH_PATHS = (
					"$(inherited)",
					"@executable_path/../Frameworks",
				);
				MACOSX_DEPLOYMENT_TARGET = 10.10;
				PRODUCT_BUNDLE_IDENTIFIER = com.industriousguy.DraggableTimeline;
				PRODUCT_NAME = "$(TARGET_NAME)";
				SWIFT_VERSION = 5.0;
			};
			name = Debug;
		};
		909D03E2236D24AF00EB41A4 /* Release */ = {
			isa = XCBuildConfiguration;
			buildSettings = {
				ASSETCATALOG_COMPILER_APPICON_NAME = AppIcon;
				CODE_SIGN_ENTITLEMENTS = DraggableTimeline/DraggableTimeline.entitlements;
				CODE_SIGN_STYLE = Automatic;
				COMBINE_HIDPI_IMAGES = YES;
				INFOPLIST_FILE = DraggableTimeline/Info.plist;
				LD_RUNPATH_SEARCH_PATHS = (
					"$(inherited)",
					"@executable_path/../Frameworks",
				);
				MACOSX_DEPLOYMENT_TARGET = 10.10;
				PRODUCT_BUNDLE_IDENTIFIER = com.industriousguy.DraggableTimeline;
				PRODUCT_NAME = "$(TARGET_NAME)";
				SWIFT_VERSION = 5.0;
			};
			name = Release;
		};
/* End XCBuildConfiguration section */

/* Begin XCConfigurationList section */
		909D03CD236D247600EB41A4 /* Build configuration list for PBXProject "DraggableTimeline" */ = {
			isa = XCConfigurationList;
			buildConfigurations = (
				909D03DE236D24AF00EB41A4 /* Debug */,
				909D03DF236D24AF00EB41A4 /* Release */,
			);
			defaultConfigurationIsVisible = 0;
			defaultConfigurationName = Release;
		};
		909D03E0236D24AF00EB41A4 /* Build configuration list for PBXNativeTarget "DraggableTimeline" */ = {
			isa = XCConfigurationList;
			buildConfigurations = (
				909D03E1236D24AF00EB41A4 /* Debug */,
				909D03E2236D24AF00EB41A4 /* Release */,
			);
			defaultConfigurationIsVisible = 0;
			defaultConfigurationName = Release;
		};
/* End XCConfigurationList section */
	};
	rootObject = 909D03CA236D247600EB41A4 /* Project object */;
}
